
Microsoft Visual Studio Solution File, Format Version 12.00
# Visual Studio 15
VisualStudioVersion = 15.0.26430.6
MinimumVisualStudioVersion = 10.0.40219.1
Project("{FAE04EC0-301F-11D3-BF4B-00C04F79EFBC}") = "O365Bot.UnitTests", "O365Bot.UnitTests\O365Bot.UnitTests.csproj", "{3EA54853-0210-402F-9C48-07260D586410}"
EndProject
Project("{FAE04EC0-301F-11D3-BF4B-00C04F79EFBC}") = "O365Bot", "O365Bot\O365Bot.csproj", "{A8BA1066-5695-4D71-ABB4-65E5A5E0C3D4}"
EndProject
Project("{FAE04EC0-301F-11D3-BF4B-00C04F79EFBC}") = "O365Bot.FunctionTests", "O365Bot.FunctionTests\O365Bot.FunctionTests.csproj", "{699D5130-8ECD-45AE-80BB-D9C096D94B2F}"
EndProject
Project("{FAE04EC0-301F-11D3-BF4B-00C04F79EFBC}") = "O365Bot.AuthConsole", "O365Bot.AuthConsole\O365Bot.AuthConsole.csproj", "{C8FDC849-FEB9-482D-8634-4E041ACB3866}"
EndProject
Global
	GlobalSection(SolutionConfigurationPlatforms) = preSolution
		Debug|Any CPU = Debug|Any CPU
		Release|Any CPU = Release|Any CPU
	EndGlobalSection
	GlobalSection(ProjectConfigurationPlatforms) = postSolution
		{3EA54853-0210-402F-9C48-07260D586410}.Debug|Any CPU.ActiveCfg = Debug|Any CPU
		{3EA54853-0210-402F-9C48-07260D586410}.Debug|Any CPU.Build.0 = Debug|Any CPU
		{3EA54853-0210-402F-9C48-07260D586410}.Release|Any CPU.ActiveCfg = Release|Any CPU
		{3EA54853-0210-402F-9C48-07260D586410}.Release|Any CPU.Build.0 = Release|Any CPU
		{A8BA1066-5695-4D71-ABB4-65E5A5E0C3D4}.Debug|Any CPU.ActiveCfg = Debug|Any CPU
		{A8BA1066-5695-4D71-ABB4-65E5A5E0C3D4}.Debug|Any CPU.Build.0 = Debug|Any CPU
		{A8BA1066-5695-4D71-ABB4-65E5A5E0C3D4}.Release|Any CPU.ActiveCfg = Release|Any CPU
		{A8BA1066-5695-4D71-ABB4-65E5A5E0C3D4}.Release|Any CPU.Build.0 = Release|Any CPU
		{699D5130-8ECD-45AE-80BB-D9C096D94B2F}.Debug|Any CPU.ActiveCfg = Debug|Any CPU
		{699D5130-8ECD-45AE-80BB-D9C096D94B2F}.Debug|Any CPU.Build.0 = Debug|Any CPU
		{699D5130-8ECD-45AE-80BB-D9C096D94B2F}.Release|Any CPU.ActiveCfg = Release|Any CPU
		{699D5130-8ECD-45AE-80BB-D9C096D94B2F}.Release|Any CPU.Build.0 = Release|Any CPU
		{C8FDC849-FEB9-482D-8634-4E041ACB3866}.Debug|Any CPU.ActiveCfg = Debug|Any CPU
		{C8FDC849-FEB9-482D-8634-4E041ACB3866}.Debug|Any CPU.Build.0 = Debug|Any CPU
		{C8FDC849-FEB9-482D-8634-4E041ACB3866}.Release|Any CPU.ActiveCfg = Release|Any CPU
		{C8FDC849-FEB9-482D-8634-4E041ACB3866}.Release|Any CPU.Build.0 = Release|Any CPU
	EndGlobalSection
	GlobalSection(SolutionProperties) = preSolution
		HideSolutionNode = FALSE
	EndGlobalSection
EndGlobal
